
Microsoft Visual Studio Solution File, Format Version 12.00
# Visual Studio Version 16
VisualStudioVersion = 16.0.33130.400
MinimumVisualStudioVersion = 10.0.40219.1
Project("{FAE04EC0-301F-11D3-BF4B-00C04F79EFBC}") = "Tarea1", "Tarea1\Tarea1.csproj", "{91867DE3-B879-4269-B51B-02A4F7F0A00A}"
EndProject
Global
	GlobalSection(SolutionConfigurationPlatforms) = preSolution
		Debug|Any CPU = Debug|Any CPU
		Release|Any CPU = Release|Any CPU
	EndGlobalSection
	GlobalSection(ProjectConfigurationPlatforms) = postSolution
		{91867DE3-B879-4269-B51B-02A4F7F0A00A}.Debug|Any CPU.ActiveCfg = Debug|Any CPU
		{91867DE3-B879-4269-B51B-02A4F7F0A00A}.Debug|Any CPU.Build.0 = Debug|Any CPU
		{91867DE3-B879-4269-B51B-02A4F7F0A00A}.Release|Any CPU.ActiveCfg = Release|Any CPU
		{91867DE3-B879-4269-B51B-02A4F7F0A00A}.Release|Any CPU.Build.0 = Release|Any CPU
	EndGlobalSection
	GlobalSection(SolutionProperties) = preSolution
		HideSolutionNode = FALSE
	EndGlobalSection
	GlobalSection(ExtensibilityGlobals) = postSolution
		SolutionGuid = {6BC41BC0-8C86-4632-B011-85D57D6AE9DB}
	EndGlobalSection
EndGlobal
